// !$*UTF8*$!
{
	archiveVersion = 1;
	classes = {
	};
	objectVersion = 46;
	objects = {

/* Begin PBXAggregateTarget section */
		"JavaCodeWriter::JavaCodeWriterPackageTests::ProductTarget" /* JavaCodeWriterPackageTests */ = {
			isa = PBXAggregateTarget;
			buildConfigurationList = OBJ_106 /* Build configuration list for PBXAggregateTarget "JavaCodeWriterPackageTests" */;
			buildPhases = (
			);
			dependencies = (
				OBJ_109 /* PBXTargetDependency */,
			);
			name = JavaCodeWriterPackageTests;
			productName = JavaCodeWriterPackageTests;
		};
/* End PBXAggregateTarget section */

/* Begin PBXBuildFile section */
		OBJ_102 /* CodeBuilder.swift in Sources */ = {isa = PBXBuildFile; fileRef = OBJ_45 /* CodeBuilder.swift */; };
		OBJ_103 /* CodeWriter.swift in Sources */ = {isa = PBXBuildFile; fileRef = OBJ_46 /* CodeWriter.swift */; };
		OBJ_56 /* AnnotationWriterTests.swift in Sources */ = {isa = PBXBuildFile; fileRef = OBJ_32 /* AnnotationWriterTests.swift */; };
		OBJ_57 /* ClassWriterTests.swift in Sources */ = {isa = PBXBuildFile; fileRef = OBJ_33 /* ClassWriterTests.swift */; };
		OBJ_58 /* ConstructorWriterTests.swift in Sources */ = {isa = PBXBuildFile; fileRef = OBJ_34 /* ConstructorWriterTests.swift */; };
		OBJ_59 /* EnumWriterTests.swift in Sources */ = {isa = PBXBuildFile; fileRef = OBJ_35 /* EnumWriterTests.swift */; };
		OBJ_61 /* FieldWriterTests.swift in Sources */ = {isa = PBXBuildFile; fileRef = OBJ_37 /* FieldWriterTests.swift */; };
		OBJ_62 /* FileWriterTests.swift in Sources */ = {isa = PBXBuildFile; fileRef = OBJ_38 /* FileWriterTests.swift */; };
		OBJ_63 /* InterfaceWriterTests.swift in Sources */ = {isa = PBXBuildFile; fileRef = OBJ_39 /* InterfaceWriterTests.swift */; };
		OBJ_64 /* MethodWriterTests.swift in Sources */ = {isa = PBXBuildFile; fileRef = OBJ_40 /* MethodWriterTests.swift */; };
		OBJ_66 /* JavaCodeWriter.framework in Frameworks */ = {isa = PBXBuildFile; fileRef = "JavaCodeWriter::JavaCodeWriter::Product" /* JavaCodeWriter.framework */; };
		OBJ_67 /* CodeWriter.framework in Frameworks */ = {isa = PBXBuildFile; fileRef = "CodeWriter::CodeWriter::Product" /* CodeWriter.framework */; };
		OBJ_76 /* AnnotationDescription.swift in Sources */ = {isa = PBXBuildFile; fileRef = OBJ_10 /* AnnotationDescription.swift */; };
		OBJ_77 /* ClassDescription.swift in Sources */ = {isa = PBXBuildFile; fileRef = OBJ_11 /* ClassDescription.swift */; };
		OBJ_78 /* ConstructorDescription.swift in Sources */ = {isa = PBXBuildFile; fileRef = OBJ_12 /* ConstructorDescription.swift */; };
		OBJ_79 /* EnumDescription.swift in Sources */ = {isa = PBXBuildFile; fileRef = OBJ_13 /* EnumDescription.swift */; };
		OBJ_80 /* FieldDescription.swift in Sources */ = {isa = PBXBuildFile; fileRef = OBJ_14 /* FieldDescription.swift */; };
		OBJ_81 /* FileDescription.swift in Sources */ = {isa = PBXBuildFile; fileRef = OBJ_15 /* FileDescription.swift */; };
		OBJ_82 /* ImportDependency.swift in Sources */ = {isa = PBXBuildFile; fileRef = OBJ_16 /* ImportDependency.swift */; };
		OBJ_83 /* InterfaceDescription.swift in Sources */ = {isa = PBXBuildFile; fileRef = OBJ_17 /* InterfaceDescription.swift */; };
		OBJ_84 /* MethodDescription.swift in Sources */ = {isa = PBXBuildFile; fileRef = OBJ_18 /* MethodDescription.swift */; };
		OBJ_85 /* Visibility.swift in Sources */ = {isa = PBXBuildFile; fileRef = OBJ_19 /* Visibility.swift */; };
		OBJ_86 /* AnnotationWriter.swift in Sources */ = {isa = PBXBuildFile; fileRef = OBJ_21 /* AnnotationWriter.swift */; };
		OBJ_87 /* ClassWriter.swift in Sources */ = {isa = PBXBuildFile; fileRef = OBJ_22 /* ClassWriter.swift */; };
		OBJ_88 /* ConstructorWriter.swift in Sources */ = {isa = PBXBuildFile; fileRef = OBJ_23 /* ConstructorWriter.swift */; };
		OBJ_89 /* DocumentationWriter.swift in Sources */ = {isa = PBXBuildFile; fileRef = OBJ_24 /* DocumentationWriter.swift */; };
		OBJ_90 /* EnumWriter.swift in Sources */ = {isa = PBXBuildFile; fileRef = OBJ_25 /* EnumWriter.swift */; };
		OBJ_91 /* FieldWriter.swift in Sources */ = {isa = PBXBuildFile; fileRef = OBJ_26 /* FieldWriter.swift */; };
		OBJ_92 /* FileWriter.swift in Sources */ = {isa = PBXBuildFile; fileRef = OBJ_27 /* FileWriter.swift */; };
		OBJ_93 /* InterfaceWriter.swift in Sources */ = {isa = PBXBuildFile; fileRef = OBJ_28 /* InterfaceWriter.swift */; };
		OBJ_94 /* MethodWriter.swift in Sources */ = {isa = PBXBuildFile; fileRef = OBJ_29 /* MethodWriter.swift */; };
		OBJ_96 /* CodeWriter.framework in Frameworks */ = {isa = PBXBuildFile; fileRef = "CodeWriter::CodeWriter::Product" /* CodeWriter.framework */; };
/* End PBXBuildFile section */

/* Begin PBXContainerItemProxy section */
		A30FB3D71F714575005A161E /* PBXContainerItemProxy */ = {
			isa = PBXContainerItemProxy;
			containerPortal = OBJ_1 /* Project object */;
			proxyType = 1;
			remoteGlobalIDString = "CodeWriter::CodeWriter";
			remoteInfo = CodeWriter;
		};
		A30FB3D81F714575005A161E /* PBXContainerItemProxy */ = {
			isa = PBXContainerItemProxy;
			containerPortal = OBJ_1 /* Project object */;
			proxyType = 1;
			remoteGlobalIDString = "JavaCodeWriter::JavaCodeWriter";
			remoteInfo = JavaCodeWriter;
		};
		A30FB3D91F714575005A161E /* PBXContainerItemProxy */ = {
			isa = PBXContainerItemProxy;
			containerPortal = OBJ_1 /* Project object */;
			proxyType = 1;
			remoteGlobalIDString = "CodeWriter::CodeWriter";
			remoteInfo = CodeWriter;
		};
		A30FB3DA1F714575005A161E /* PBXContainerItemProxy */ = {
			isa = PBXContainerItemProxy;
			containerPortal = OBJ_1 /* Project object */;
			proxyType = 1;
			remoteGlobalIDString = "JavaCodeWriter::JavaCodeWriterTests";
			remoteInfo = JavaCodeWriterTests;
		};
/* End PBXContainerItemProxy section */

/* Begin PBXFileReference section */
		"CodeWriter::CodeWriter::Product" /* CodeWriter.framework */ = {isa = PBXFileReference; explicitFileType = wrapper.framework; path = CodeWriter.framework; sourceTree = BUILT_PRODUCTS_DIR; };
		"JavaCodeWriter::JavaCodeWriter::Product" /* JavaCodeWriter.framework */ = {isa = PBXFileReference; explicitFileType = wrapper.framework; path = JavaCodeWriter.framework; sourceTree = BUILT_PRODUCTS_DIR; };
		"JavaCodeWriter::JavaCodeWriterTests::Product" /* JavaCodeWriterTests.xctest */ = {isa = PBXFileReference; lastKnownFileType = file; path = JavaCodeWriterTests.xctest; sourceTree = BUILT_PRODUCTS_DIR; };
		OBJ_10 /* AnnotationDescription.swift */ = {isa = PBXFileReference; lastKnownFileType = sourcecode.swift; path = AnnotationDescription.swift; sourceTree = "<group>"; };
		OBJ_11 /* ClassDescription.swift */ = {isa = PBXFileReference; lastKnownFileType = sourcecode.swift; path = ClassDescription.swift; sourceTree = "<group>"; };
		OBJ_12 /* ConstructorDescription.swift */ = {isa = PBXFileReference; lastKnownFileType = sourcecode.swift; path = ConstructorDescription.swift; sourceTree = "<group>"; };
		OBJ_13 /* EnumDescription.swift */ = {isa = PBXFileReference; lastKnownFileType = sourcecode.swift; path = EnumDescription.swift; sourceTree = "<group>"; };
		OBJ_14 /* FieldDescription.swift */ = {isa = PBXFileReference; lastKnownFileType = sourcecode.swift; path = FieldDescription.swift; sourceTree = "<group>"; };
		OBJ_15 /* FileDescription.swift */ = {isa = PBXFileReference; lastKnownFileType = sourcecode.swift; path = FileDescription.swift; sourceTree = "<group>"; };
		OBJ_16 /* ImportDependency.swift */ = {isa = PBXFileReference; lastKnownFileType = sourcecode.swift; path = ImportDependency.swift; sourceTree = "<group>"; };
		OBJ_17 /* InterfaceDescription.swift */ = {isa = PBXFileReference; lastKnownFileType = sourcecode.swift; path = InterfaceDescription.swift; sourceTree = "<group>"; };
		OBJ_18 /* MethodDescription.swift */ = {isa = PBXFileReference; lastKnownFileType = sourcecode.swift; path = MethodDescription.swift; sourceTree = "<group>"; };
		OBJ_19 /* Visibility.swift */ = {isa = PBXFileReference; lastKnownFileType = sourcecode.swift; path = Visibility.swift; sourceTree = "<group>"; };
		OBJ_21 /* AnnotationWriter.swift */ = {isa = PBXFileReference; lastKnownFileType = sourcecode.swift; path = AnnotationWriter.swift; sourceTree = "<group>"; };
		OBJ_22 /* ClassWriter.swift */ = {isa = PBXFileReference; lastKnownFileType = sourcecode.swift; path = ClassWriter.swift; sourceTree = "<group>"; };
		OBJ_23 /* ConstructorWriter.swift */ = {isa = PBXFileReference; lastKnownFileType = sourcecode.swift; path = ConstructorWriter.swift; sourceTree = "<group>"; };
		OBJ_24 /* DocumentationWriter.swift */ = {isa = PBXFileReference; lastKnownFileType = sourcecode.swift; path = DocumentationWriter.swift; sourceTree = "<group>"; };
		OBJ_25 /* EnumWriter.swift */ = {isa = PBXFileReference; lastKnownFileType = sourcecode.swift; path = EnumWriter.swift; sourceTree = "<group>"; };
		OBJ_26 /* FieldWriter.swift */ = {isa = PBXFileReference; lastKnownFileType = sourcecode.swift; path = FieldWriter.swift; sourceTree = "<group>"; };
		OBJ_27 /* FileWriter.swift */ = {isa = PBXFileReference; lastKnownFileType = sourcecode.swift; path = FileWriter.swift; sourceTree = "<group>"; };
		OBJ_28 /* InterfaceWriter.swift */ = {isa = PBXFileReference; lastKnownFileType = sourcecode.swift; path = InterfaceWriter.swift; sourceTree = "<group>"; };
		OBJ_29 /* MethodWriter.swift */ = {isa = PBXFileReference; lastKnownFileType = sourcecode.swift; path = MethodWriter.swift; sourceTree = "<group>"; };
		OBJ_32 /* AnnotationWriterTests.swift */ = {isa = PBXFileReference; lastKnownFileType = sourcecode.swift; path = AnnotationWriterTests.swift; sourceTree = "<group>"; };
		OBJ_33 /* ClassWriterTests.swift */ = {isa = PBXFileReference; lastKnownFileType = sourcecode.swift; path = ClassWriterTests.swift; sourceTree = "<group>"; };
		OBJ_34 /* ConstructorWriterTests.swift */ = {isa = PBXFileReference; lastKnownFileType = sourcecode.swift; path = ConstructorWriterTests.swift; sourceTree = "<group>"; };
		OBJ_35 /* EnumWriterTests.swift */ = {isa = PBXFileReference; lastKnownFileType = sourcecode.swift; path = EnumWriterTests.swift; sourceTree = "<group>"; };
		OBJ_37 /* FieldWriterTests.swift */ = {isa = PBXFileReference; lastKnownFileType = sourcecode.swift; path = FieldWriterTests.swift; sourceTree = "<group>"; };
		OBJ_38 /* FileWriterTests.swift */ = {isa = PBXFileReference; lastKnownFileType = sourcecode.swift; path = FileWriterTests.swift; sourceTree = "<group>"; };
		OBJ_39 /* InterfaceWriterTests.swift */ = {isa = PBXFileReference; lastKnownFileType = sourcecode.swift; path = InterfaceWriterTests.swift; sourceTree = "<group>"; };
		OBJ_40 /* MethodWriterTests.swift */ = {isa = PBXFileReference; lastKnownFileType = sourcecode.swift; path = MethodWriterTests.swift; sourceTree = "<group>"; };
		OBJ_41 /* DerivedData */ = {isa = PBXFileReference; lastKnownFileType = folder; path = DerivedData; sourceTree = SOURCE_ROOT; };
		OBJ_45 /* CodeBuilder.swift */ = {isa = PBXFileReference; lastKnownFileType = sourcecode.swift; path = CodeBuilder.swift; sourceTree = "<group>"; };
		OBJ_46 /* CodeWriter.swift */ = {isa = PBXFileReference; lastKnownFileType = sourcecode.swift; path = CodeWriter.swift; sourceTree = "<group>"; };
		OBJ_6 /* Package.swift */ = {isa = PBXFileReference; explicitFileType = sourcecode.swift; path = Package.swift; sourceTree = "<group>"; };
/* End PBXFileReference section */

/* Begin PBXFrameworksBuildPhase section */
		OBJ_104 /* Frameworks */ = {
			isa = PBXFrameworksBuildPhase;
			buildActionMask = 0;
			files = (
			);
			runOnlyForDeploymentPostprocessing = 0;
		};
		OBJ_65 /* Frameworks */ = {
			isa = PBXFrameworksBuildPhase;
			buildActionMask = 0;
			files = (
				OBJ_66 /* JavaCodeWriter.framework in Frameworks */,
				OBJ_67 /* CodeWriter.framework in Frameworks */,
			);
			runOnlyForDeploymentPostprocessing = 0;
		};
		OBJ_95 /* Frameworks */ = {
			isa = PBXFrameworksBuildPhase;
			buildActionMask = 0;
			files = (
				OBJ_96 /* CodeWriter.framework in Frameworks */,
			);
			runOnlyForDeploymentPostprocessing = 0;
		};
/* End PBXFrameworksBuildPhase section */

/* Begin PBXGroup section */
		OBJ_20 /* Writers */ = {
			isa = PBXGroup;
			children = (
				OBJ_21 /* AnnotationWriter.swift */,
				OBJ_22 /* ClassWriter.swift */,
				OBJ_23 /* ConstructorWriter.swift */,
				OBJ_24 /* DocumentationWriter.swift */,
				OBJ_25 /* EnumWriter.swift */,
				OBJ_26 /* FieldWriter.swift */,
				OBJ_27 /* FileWriter.swift */,
				OBJ_28 /* InterfaceWriter.swift */,
				OBJ_29 /* MethodWriter.swift */,
			);
			path = Writers;
			sourceTree = "<group>";
		};
		OBJ_30 /* Tests */ = {
			isa = PBXGroup;
			children = (
				OBJ_31 /* JavaCodeWriterTests */,
			);
			name = Tests;
			sourceTree = SOURCE_ROOT;
		};
		OBJ_31 /* JavaCodeWriterTests */ = {
			isa = PBXGroup;
			children = (
				OBJ_32 /* AnnotationWriterTests.swift */,
				OBJ_33 /* ClassWriterTests.swift */,
				OBJ_34 /* ConstructorWriterTests.swift */,
				OBJ_35 /* EnumWriterTests.swift */,
				OBJ_37 /* FieldWriterTests.swift */,
				OBJ_38 /* FileWriterTests.swift */,
				OBJ_39 /* InterfaceWriterTests.swift */,
				OBJ_40 /* MethodWriterTests.swift */,
			);
			name = JavaCodeWriterTests;
			path = Tests/JavaCodeWriterTests;
			sourceTree = SOURCE_ROOT;
		};
		OBJ_42 /* Dependencies */ = {
			isa = PBXGroup;
			children = (
				OBJ_43 /* CodeWriter */,
			);
			name = Dependencies;
			sourceTree = "<group>";
		};
		OBJ_43 /* CodeWriter */ = {
			isa = PBXGroup;
			children = (
				OBJ_44 /* CodeWriter */,
			);
			name = CodeWriter;
			sourceTree = SOURCE_ROOT;
		};
		OBJ_44 /* CodeWriter */ = {
			isa = PBXGroup;
			children = (
				OBJ_45 /* CodeBuilder.swift */,
				OBJ_46 /* CodeWriter.swift */,
			);
			name = CodeWriter;
			path = ".build/checkouts/code-writer-swift.git-7489791545997514195/Sources/CodeWriter";
			sourceTree = SOURCE_ROOT;
		};
		OBJ_47 /* Products */ = {
			isa = PBXGroup;
			children = (
				"JavaCodeWriter::JavaCodeWriterTests::Product" /* JavaCodeWriterTests.xctest */,
				"JavaCodeWriter::JavaCodeWriter::Product" /* JavaCodeWriter.framework */,
				"CodeWriter::CodeWriter::Product" /* CodeWriter.framework */,
			);
			name = Products;
			sourceTree = BUILT_PRODUCTS_DIR;
		};
		OBJ_5 /*  */ = {
			isa = PBXGroup;
			children = (
				OBJ_6 /* Package.swift */,
				OBJ_7 /* Sources */,
				OBJ_30 /* Tests */,
				OBJ_41 /* DerivedData */,
				OBJ_42 /* Dependencies */,
				OBJ_47 /* Products */,
			);
			name = "";
			sourceTree = "<group>";
		};
		OBJ_7 /* Sources */ = {
			isa = PBXGroup;
			children = (
				OBJ_8 /* JavaCodeWriter */,
			);
			name = Sources;
			sourceTree = SOURCE_ROOT;
		};
		OBJ_8 /* JavaCodeWriter */ = {
			isa = PBXGroup;
			children = (
				OBJ_9 /* Descriptions */,
				OBJ_20 /* Writers */,
			);
			name = JavaCodeWriter;
			path = Sources/JavaCodeWriter;
			sourceTree = SOURCE_ROOT;
		};
		OBJ_9 /* Descriptions */ = {
			isa = PBXGroup;
			children = (
				OBJ_10 /* AnnotationDescription.swift */,
				OBJ_11 /* ClassDescription.swift */,
				OBJ_12 /* ConstructorDescription.swift */,
				OBJ_13 /* EnumDescription.swift */,
				OBJ_14 /* FieldDescription.swift */,
				OBJ_15 /* FileDescription.swift */,
				OBJ_16 /* ImportDependency.swift */,
				OBJ_17 /* InterfaceDescription.swift */,
				OBJ_18 /* MethodDescription.swift */,
				OBJ_19 /* Visibility.swift */,
			);
			path = Descriptions;
			sourceTree = "<group>";
		};
/* End PBXGroup section */

/* Begin PBXNativeTarget section */
		"CodeWriter::CodeWriter" /* CodeWriter */ = {
			isa = PBXNativeTarget;
			buildConfigurationList = OBJ_98 /* Build configuration list for PBXNativeTarget "CodeWriter" */;
			buildPhases = (
				OBJ_101 /* Sources */,
				OBJ_104 /* Frameworks */,
			);
			buildRules = (
			);
			dependencies = (
			);
			name = CodeWriter;
			productName = CodeWriter;
			productReference = "CodeWriter::CodeWriter::Product" /* CodeWriter.framework */;
			productType = "com.apple.product-type.framework";
		};
		"JavaCodeWriter::JavaCodeWriter" /* JavaCodeWriter */ = {
			isa = PBXNativeTarget;
			buildConfigurationList = OBJ_72 /* Build configuration list for PBXNativeTarget "JavaCodeWriter" */;
			buildPhases = (
				OBJ_75 /* Sources */,
				OBJ_95 /* Frameworks */,
			);
			buildRules = (
			);
			dependencies = (
				OBJ_97 /* PBXTargetDependency */,
			);
			name = JavaCodeWriter;
			productName = JavaCodeWriter;
			productReference = "JavaCodeWriter::JavaCodeWriter::Product" /* JavaCodeWriter.framework */;
			productType = "com.apple.product-type.framework";
		};
		"JavaCodeWriter::JavaCodeWriterTests" /* JavaCodeWriterTests */ = {
			isa = PBXNativeTarget;
			buildConfigurationList = OBJ_52 /* Build configuration list for PBXNativeTarget "JavaCodeWriterTests" */;
			buildPhases = (
				OBJ_55 /* Sources */,
				OBJ_65 /* Frameworks */,
			);
			buildRules = (
			);
			dependencies = (
				OBJ_68 /* PBXTargetDependency */,
				OBJ_70 /* PBXTargetDependency */,
			);
			name = JavaCodeWriterTests;
			productName = JavaCodeWriterTests;
			productReference = "JavaCodeWriter::JavaCodeWriterTests::Product" /* JavaCodeWriterTests.xctest */;
			productType = "com.apple.product-type.bundle.unit-test";
		};
/* End PBXNativeTarget section */

/* Begin PBXProject section */
		OBJ_1 /* Project object */ = {
			isa = PBXProject;
			attributes = {
				LastUpgradeCheck = 9999;
			};
			buildConfigurationList = OBJ_2 /* Build configuration list for PBXProject "JavaCodeWriter" */;
			compatibilityVersion = "Xcode 3.2";
			developmentRegion = English;
			hasScannedForEncodings = 0;
			knownRegions = (
				en,
			);
			mainGroup = OBJ_5 /*  */;
			productRefGroup = OBJ_47 /* Products */;
			projectDirPath = "";
			projectRoot = "";
			targets = (
				"JavaCodeWriter::JavaCodeWriterTests" /* JavaCodeWriterTests */,
				"JavaCodeWriter::JavaCodeWriter" /* JavaCodeWriter */,
				"CodeWriter::CodeWriter" /* CodeWriter */,
				"JavaCodeWriter::JavaCodeWriterPackageTests::ProductTarget" /* JavaCodeWriterPackageTests */,
			);
		};
/* End PBXProject section */

/* Begin PBXSourcesBuildPhase section */
		OBJ_101 /* Sources */ = {
			isa = PBXSourcesBuildPhase;
			buildActionMask = 0;
			files = (
				OBJ_102 /* CodeBuilder.swift in Sources */,
				OBJ_103 /* CodeWriter.swift in Sources */,
			);
			runOnlyForDeploymentPostprocessing = 0;
		};
		OBJ_55 /* Sources */ = {
			isa = PBXSourcesBuildPhase;
			buildActionMask = 0;
			files = (
				OBJ_56 /* AnnotationWriterTests.swift in Sources */,
				OBJ_57 /* ClassWriterTests.swift in Sources */,
				OBJ_58 /* ConstructorWriterTests.swift in Sources */,
				OBJ_59 /* EnumWriterTests.swift in Sources */,
				OBJ_61 /* FieldWriterTests.swift in Sources */,
				OBJ_62 /* FileWriterTests.swift in Sources */,
				OBJ_63 /* InterfaceWriterTests.swift in Sources */,
				OBJ_64 /* MethodWriterTests.swift in Sources */,
			);
			runOnlyForDeploymentPostprocessing = 0;
		};
		OBJ_75 /* Sources */ = {
			isa = PBXSourcesBuildPhase;
			buildActionMask = 0;
			files = (
				OBJ_76 /* AnnotationDescription.swift in Sources */,
				OBJ_77 /* ClassDescription.swift in Sources */,
				OBJ_78 /* ConstructorDescription.swift in Sources */,
				OBJ_79 /* EnumDescription.swift in Sources */,
				OBJ_80 /* FieldDescription.swift in Sources */,
				OBJ_81 /* FileDescription.swift in Sources */,
				OBJ_82 /* ImportDependency.swift in Sources */,
				OBJ_83 /* InterfaceDescription.swift in Sources */,
				OBJ_84 /* MethodDescription.swift in Sources */,
				OBJ_85 /* Visibility.swift in Sources */,
				OBJ_86 /* AnnotationWriter.swift in Sources */,
				OBJ_87 /* ClassWriter.swift in Sources */,
				OBJ_88 /* ConstructorWriter.swift in Sources */,
				OBJ_89 /* DocumentationWriter.swift in Sources */,
				OBJ_90 /* EnumWriter.swift in Sources */,
				OBJ_91 /* FieldWriter.swift in Sources */,
				OBJ_92 /* FileWriter.swift in Sources */,
				OBJ_93 /* InterfaceWriter.swift in Sources */,
				OBJ_94 /* MethodWriter.swift in Sources */,
			);
			runOnlyForDeploymentPostprocessing = 0;
		};
/* End PBXSourcesBuildPhase section */

/* Begin PBXTargetDependency section */
		OBJ_109 /* PBXTargetDependency */ = {
			isa = PBXTargetDependency;
			target = "JavaCodeWriter::JavaCodeWriterTests" /* JavaCodeWriterTests */;
			targetProxy = A30FB3DA1F714575005A161E /* PBXContainerItemProxy */;
		};
		OBJ_68 /* PBXTargetDependency */ = {
			isa = PBXTargetDependency;
			target = "JavaCodeWriter::JavaCodeWriter" /* JavaCodeWriter */;
			targetProxy = A30FB3D81F714575005A161E /* PBXContainerItemProxy */;
		};
		OBJ_70 /* PBXTargetDependency */ = {
			isa = PBXTargetDependency;
			target = "CodeWriter::CodeWriter" /* CodeWriter */;
			targetProxy = A30FB3D91F714575005A161E /* PBXContainerItemProxy */;
		};
		OBJ_97 /* PBXTargetDependency */ = {
			isa = PBXTargetDependency;
			target = "CodeWriter::CodeWriter" /* CodeWriter */;
			targetProxy = A30FB3D71F714575005A161E /* PBXContainerItemProxy */;
		};
/* End PBXTargetDependency section */

/* Begin XCBuildConfiguration section */
		OBJ_100 /* Release */ = {
			isa = XCBuildConfiguration;
			buildSettings = {
				ENABLE_TESTABILITY = YES;
				FRAMEWORK_SEARCH_PATHS = (
					"$(inherited)",
					"$(PLATFORM_DIR)/Developer/Library/Frameworks",
				);
				HEADER_SEARCH_PATHS = "$(inherited)";
				INFOPLIST_FILE = JavaCodeWriter.xcodeproj/CodeWriter_Info.plist;
				LD_RUNPATH_SEARCH_PATHS = "$(TOOLCHAIN_DIR)/usr/lib/swift/macosx";
				OTHER_LDFLAGS = "$(inherited)";
				OTHER_SWIFT_FLAGS = "$(inherited)";
				PRODUCT_BUNDLE_IDENTIFIER = CodeWriter;
				PRODUCT_MODULE_NAME = "$(TARGET_NAME:c99extidentifier)";
				PRODUCT_NAME = "$(TARGET_NAME:c99extidentifier)";
				SKIP_INSTALL = YES;
				SWIFT_VERSION = 4.0;
				TARGET_NAME = CodeWriter;
			};
			name = Release;
		};
		OBJ_107 /* Debug */ = {
			isa = XCBuildConfiguration;
			buildSettings = {
			};
			name = Debug;
		};
		OBJ_108 /* Release */ = {
			isa = XCBuildConfiguration;
			buildSettings = {
			};
			name = Release;
		};
		OBJ_3 /* Debug */ = {
			isa = XCBuildConfiguration;
			buildSettings = {
				CLANG_ENABLE_OBJC_ARC = YES;
				COMBINE_HIDPI_IMAGES = YES;
				COPY_PHASE_STRIP = NO;
				DEBUG_INFORMATION_FORMAT = dwarf;
				DYLIB_INSTALL_NAME_BASE = "@rpath";
				ENABLE_NS_ASSERTIONS = YES;
				GCC_OPTIMIZATION_LEVEL = 0;
				MACOSX_DEPLOYMENT_TARGET = 10.10;
				ONLY_ACTIVE_ARCH = YES;
				OTHER_SWIFT_FLAGS = "-DXcode";
				PRODUCT_NAME = "$(TARGET_NAME)";
				SDKROOT = macosx;
				SUPPORTED_PLATFORMS = "macosx iphoneos iphonesimulator appletvos appletvsimulator watchos watchsimulator";
				SWIFT_ACTIVE_COMPILATION_CONDITIONS = SWIFT_PACKAGE;
				SWIFT_OPTIMIZATION_LEVEL = "-Onone";
				USE_HEADERMAP = NO;
			};
			name = Debug;
		};
		OBJ_4 /* Release */ = {
			isa = XCBuildConfiguration;
			buildSettings = {
				CLANG_ENABLE_OBJC_ARC = YES;
				COMBINE_HIDPI_IMAGES = YES;
				COPY_PHASE_STRIP = YES;
				DEBUG_INFORMATION_FORMAT = "dwarf-with-dsym";
				DYLIB_INSTALL_NAME_BASE = "@rpath";
				GCC_OPTIMIZATION_LEVEL = s;
				MACOSX_DEPLOYMENT_TARGET = 10.10;
				OTHER_SWIFT_FLAGS = "-DXcode";
				PRODUCT_NAME = "$(TARGET_NAME)";
				SDKROOT = macosx;
				SUPPORTED_PLATFORMS = "macosx iphoneos iphonesimulator appletvos appletvsimulator watchos watchsimulator";
				SWIFT_ACTIVE_COMPILATION_CONDITIONS = SWIFT_PACKAGE;
				SWIFT_OPTIMIZATION_LEVEL = "-Owholemodule";
				USE_HEADERMAP = NO;
			};
			name = Release;
		};
		OBJ_53 /* Debug */ = {
			isa = XCBuildConfiguration;
			buildSettings = {
				EMBEDDED_CONTENT_CONTAINS_SWIFT = YES;
				FRAMEWORK_SEARCH_PATHS = (
					"$(inherited)",
					"$(PLATFORM_DIR)/Developer/Library/Frameworks",
				);
				HEADER_SEARCH_PATHS = "$(inherited)";
				INFOPLIST_FILE = JavaCodeWriter.xcodeproj/JavaCodeWriterTests_Info.plist;
				LD_RUNPATH_SEARCH_PATHS = "@loader_path/../Frameworks @loader_path/Frameworks";
				OTHER_LDFLAGS = "$(inherited)";
				OTHER_SWIFT_FLAGS = "$(inherited)";
				SWIFT_VERSION = 4.0;
				TARGET_NAME = JavaCodeWriterTests;
			};
			name = Debug;
		};
		OBJ_54 /* Release */ = {
			isa = XCBuildConfiguration;
			buildSettings = {
				EMBEDDED_CONTENT_CONTAINS_SWIFT = YES;
				FRAMEWORK_SEARCH_PATHS = (
					"$(inherited)",
					"$(PLATFORM_DIR)/Developer/Library/Frameworks",
				);
				HEADER_SEARCH_PATHS = "$(inherited)";
				INFOPLIST_FILE = JavaCodeWriter.xcodeproj/JavaCodeWriterTests_Info.plist;
				LD_RUNPATH_SEARCH_PATHS = "@loader_path/../Frameworks @loader_path/Frameworks";
				OTHER_LDFLAGS = "$(inherited)";
				OTHER_SWIFT_FLAGS = "$(inherited)";
				SWIFT_VERSION = 4.0;
				TARGET_NAME = JavaCodeWriterTests;
			};
			name = Release;
		};
		OBJ_73 /* Debug */ = {
			isa = XCBuildConfiguration;
			buildSettings = {
				ENABLE_TESTABILITY = YES;
				FRAMEWORK_SEARCH_PATHS = (
					"$(inherited)",
					"$(PLATFORM_DIR)/Developer/Library/Frameworks",
				);
				HEADER_SEARCH_PATHS = "$(inherited)";
				INFOPLIST_FILE = JavaCodeWriter.xcodeproj/JavaCodeWriter_Info.plist;
				LD_RUNPATH_SEARCH_PATHS = "$(TOOLCHAIN_DIR)/usr/lib/swift/macosx";
				OTHER_LDFLAGS = "$(inherited)";
				OTHER_SWIFT_FLAGS = "$(inherited)";
				PRODUCT_BUNDLE_IDENTIFIER = JavaCodeWriter;
				PRODUCT_MODULE_NAME = "$(TARGET_NAME:c99extidentifier)";
				PRODUCT_NAME = "$(TARGET_NAME:c99extidentifier)";
				SKIP_INSTALL = YES;
				SWIFT_VERSION = 4.0;
				TARGET_NAME = JavaCodeWriter;
			};
			name = Debug;
		};
		OBJ_74 /* Release */ = {
			isa = XCBuildConfiguration;
			buildSettings = {
				ENABLE_TESTABILITY = YES;
				FRAMEWORK_SEARCH_PATHS = (
					"$(inherited)",
					"$(PLATFORM_DIR)/Developer/Library/Frameworks",
				);
				HEADER_SEARCH_PATHS = "$(inherited)";
				INFOPLIST_FILE = JavaCodeWriter.xcodeproj/JavaCodeWriter_Info.plist;
				LD_RUNPATH_SEARCH_PATHS = "$(TOOLCHAIN_DIR)/usr/lib/swift/macosx";
				OTHER_LDFLAGS = "$(inherited)";
				OTHER_SWIFT_FLAGS = "$(inherited)";
				PRODUCT_BUNDLE_IDENTIFIER = JavaCodeWriter;
				PRODUCT_MODULE_NAME = "$(TARGET_NAME:c99extidentifier)";
				PRODUCT_NAME = "$(TARGET_NAME:c99extidentifier)";
				SKIP_INSTALL = YES;
				SWIFT_VERSION = 4.0;
				TARGET_NAME = JavaCodeWriter;
			};
			name = Release;
		};
		OBJ_99 /* Debug */ = {
			isa = XCBuildConfiguration;
			buildSettings = {
				ENABLE_TESTABILITY = YES;
				FRAMEWORK_SEARCH_PATHS = (
					"$(inherited)",
					"$(PLATFORM_DIR)/Developer/Library/Frameworks",
				);
				HEADER_SEARCH_PATHS = "$(inherited)";
				INFOPLIST_FILE = JavaCodeWriter.xcodeproj/CodeWriter_Info.plist;
				LD_RUNPATH_SEARCH_PATHS = "$(TOOLCHAIN_DIR)/usr/lib/swift/macosx";
				OTHER_LDFLAGS = "$(inherited)";
				OTHER_SWIFT_FLAGS = "$(inherited)";
				PRODUCT_BUNDLE_IDENTIFIER = CodeWriter;
				PRODUCT_MODULE_NAME = "$(TARGET_NAME:c99extidentifier)";
				PRODUCT_NAME = "$(TARGET_NAME:c99extidentifier)";
				SKIP_INSTALL = YES;
				SWIFT_VERSION = 4.0;
				TARGET_NAME = CodeWriter;
			};
			name = Debug;
		};
/* End XCBuildConfiguration section */

/* Begin XCConfigurationList section */
		OBJ_106 /* Build configuration list for PBXAggregateTarget "JavaCodeWriterPackageTests" */ = {
			isa = XCConfigurationList;
			buildConfigurations = (
				OBJ_107 /* Debug */,
				OBJ_108 /* Release */,
			);
			defaultConfigurationIsVisible = 0;
			defaultConfigurationName = Debug;
		};
		OBJ_2 /* Build configuration list for PBXProject "JavaCodeWriter" */ = {
			isa = XCConfigurationList;
			buildConfigurations = (
				OBJ_3 /* Debug */,
				OBJ_4 /* Release */,
			);
			defaultConfigurationIsVisible = 0;
			defaultConfigurationName = Debug;
		};
		OBJ_52 /* Build configuration list for PBXNativeTarget "JavaCodeWriterTests" */ = {
			isa = XCConfigurationList;
			buildConfigurations = (
				OBJ_53 /* Debug */,
				OBJ_54 /* Release */,
			);
			defaultConfigurationIsVisible = 0;
			defaultConfigurationName = Debug;
		};
		OBJ_72 /* Build configuration list for PBXNativeTarget "JavaCodeWriter" */ = {
			isa = XCConfigurationList;
			buildConfigurations = (
				OBJ_73 /* Debug */,
				OBJ_74 /* Release */,
			);
			defaultConfigurationIsVisible = 0;
			defaultConfigurationName = Debug;
		};
		OBJ_98 /* Build configuration list for PBXNativeTarget "CodeWriter" */ = {
			isa = XCConfigurationList;
			buildConfigurations = (
				OBJ_99 /* Debug */,
				OBJ_100 /* Release */,
			);
			defaultConfigurationIsVisible = 0;
			defaultConfigurationName = Debug;
		};
/* End XCConfigurationList section */
	};
	rootObject = OBJ_1 /* Project object */;
}
